
Microsoft Visual Studio Solution File, Format Version 12.00
# Visual Studio Version 17
VisualStudioVersion = 17.8.34511.84
MinimumVisualStudioVersion = 10.0.40219.1
Project("{FAE04EC0-301F-11D3-BF4B-00C04F79EFBC}") = "Contract Monthly Claim System", "Contract Monthly Claim System\Contract Monthly Claim System.csproj", "{31D7A79E-C5FE-45CA-8A48-1DB47E34797D}"
EndProject
Global
	GlobalSection(SolutionConfigurationPlatforms) = preSolution
		Debug|Any CPU = Debug|Any CPU
		Release|Any CPU = Release|Any CPU
	EndGlobalSection
	GlobalSection(ProjectConfigurationPlatforms) = postSolution
		{31D7A79E-C5FE-45CA-8A48-1DB47E34797D}.Debug|Any CPU.ActiveCfg = Debug|Any CPU
		{31D7A79E-C5FE-45CA-8A48-1DB47E34797D}.Debug|Any CPU.Build.0 = Debug|Any CPU
		{31D7A79E-C5FE-45CA-8A48-1DB47E34797D}.Release|Any CPU.ActiveCfg = Release|Any CPU
		{31D7A79E-C5FE-45CA-8A48-1DB47E34797D}.Release|Any CPU.Build.0 = Release|Any CPU
	EndGlobalSection
	GlobalSection(SolutionProperties) = preSolution
		HideSolutionNode = FALSE
	EndGlobalSection
	GlobalSection(ExtensibilityGlobals) = postSolution
		SolutionGuid = {4A30330A-A67D-428C-8C69-CC0320C57898}
	EndGlobalSection
EndGlobal
